github.com/cucumber/gherkin/go/v26 v26.2.0 h1:EgIjePLWiPeslwIWmNQ3XHcypPsWAHoMCz/YEBKP4GI=
github.com/cucumber/gherkin/go/v26 v26.2.0/go.mod h1:t2GAPnB8maCT4lkHL99BDCVNzCh1d7dBhCLt150Nr/0=
github.com/cucumber/godog v0.15.1 h1:rb/6oHDdvVZKS66hrhpjFQFHjthFSrQBCOI1LwshNTI=
github.com/cucumber/godog v0.15.1/go.mod h1:qju+SQDewOljHuq9NSM66s0xEhogx0q30flfxL4WUk8=
github.com/cucumber/messages/go/v21 v21.0.1 h1:wzA0LxwjlWQYZd32VTlAVDTkW6inOFmSM+RuOwHZiMI=
github.com/cucumber/messages/go/v21 v21.0.1/go.mod h1:zheH/2HS9JLVFukdrsPWoPdmUtmYQAQPLk7w5vWsk5s=
github.com/cwbudde/algo-approx v0.1.0 h1:0i+ogADelGMNKx82mOes80ikmdA8SNdSM5UDJ27G/TY=
github.com/cwbudde/algo-approx v0.1.0/go.mod h1:Bz0OrNQt5WJFTjbrOrNjg1JOZCPDZsjfSYfkSmBeNUc=
github.com/cwbudde/algo-dsp v0.0.0-20260729115219-8ea972cf5f07 h1:K2zn1StYVC1TG9D/IV8uqxLHAPBQRKtzAp6StshSacE=
github.com/cwbudde/algo-dsp v0.0.0-20260729115219-8ea972cf5f07/go.mod h1:TngjsQIOjAHbD7y7xwI/wXm6yBxDJHzF8Nr6q44VTc8=
github.com/cwbudde/algo-fft v0.7.3 h1:1MDkBhgo/hhigpbTMDvcXZpMaW0ubz844IL6rDL/Bms=
github.com/cwbudde/algo-fft v0.7.3/go.mod h1:H5rJ7JNXvhe3kT4yc41TJB9DEnO7KlhHN7toLO+ZZXU=
github.com/cwbudde/algo-vecmath v0.1.0 h1:RjZLXt3BAu1f3UmdWWXbgw3Xscyh+bsg31PkS5K4y4c=
github.com/cwbudde/algo-vecmath v0.1.0/go.mod h1:lc9dLv41D4RCmhXG/CsIesfJXmONI7pQXcFrkxQSfeQ=
github.com/cwbudde/mayfly v0.2.1 h1:NPvJiGokMjigYXZdmOnsNBGStopLl58jAUm8wfy5qQI=
github.com/cwbudde/mayfly v0.2.1/go.mod h1:Kvhc6sAww1oFoR37ON2/iqIvOu/E8qHKAyQsM7tRs6U=
github.com/cwbudde/wav v0.1.0 h1:alxIMiBOcVFD94//8+qWW62oFgfeFbYMvpXcg9KJYAk=
github.com/cwbudde/wav v0.1.0/go.mod h1:sc3u5nhwaPxuQ8NUWj1bAcZ7jhlTGk4fk5vARqgHrMs=
github.com/go-audio/audio v1.0.0 h1:zS9vebldgbQqktK4H0lUqWrG8P0NxCJVqcj7ZpNnwd4=
github.com/go-audio/audio v1.0.0/go.mod h1:6uAu0+H2lHkwdGsAY+j2wHPNPpPoeg5AaEFh9FlA+Zs=
github.com/go-audio/riff v1.0.0 h1:d8iCGbDvox9BfLagY94fBynxSPHO80LmZCaOsmKxokA=
github.com/go-audio/riff v1.0.0/go.mod h1:l3cQwc85y79NQFCRB7TiPoNiaijp6q8Z0Uv38rVG498=
github.com/gofrs/uuid v4.3.1+incompatible h1:0/KbAdpx3UXAx1kEOWHJeOkpbgRFGHVgv+CFIY7dBJI=
github.com/gofrs/uuid v4.3.1+incompatible/go.mod h1:b2aQJv3Z4Fp6yNu3cdSllBxTCLRxnplIgP/c0N/04lM=
github.com/hashicorp/go-immutable-radix v1.3.1 h1:DKHmCUm2hRBK510BaiZlwvpD40f8bJFeZnpfm2KLowc=
github.com/hashicorp/go-immutable-radix v1.3.1/go.mod h1:0y9vanUI8NX6FsYoO3zeMjhV/C5i9g4Q3DwcSNZ4P60=
github.com/hashicorp/go-memdb v1.3.4 h1:XSL3NR682X/cVk2IeV0d70N4DZ9ljI885xAEU8IoK3c=
github.com/hashicorp/go-memdb v1.3.4/go.mod h1:uBTr1oQbtuMgd1SSGoR8YV27eT3sBHbYiNm53bMpgSg=
github.com/hashicorp/golang-lru v0.5.4 h1:YDjusn29QI/Das2iO9M0BHnIbxPeyuCHsjMW+lJfyTc=
github.com/hashicorp/golang-lru v0.5.4/go.mod h1:iADmTwqILo4mZ8BN3D2Q6+9jd8WM5uGBxy+E8yxSoD4=
github.com/spf13/pflag v1.0.10 h1:4EBh2KAYBwaONj6b2Ye1GiHfwjqyROoF4RwYO+vPwFk=
github.com/spf13/pflag v1.0.10/go.mod h1:McXfInJRrz4CZXVZOBLb0bTZqETkiAhM9Iw0y3An2Bg=
golang.org/x/sys v0.46.0 h1:noSf2Fq6F8DBgS+LysIkx7rIExoNHJsxOAtPp4rthXw=
golang.org/x/sys v0.46.0/go.mod h1:4GL1E5IUh+htKOUEOaiffhrAeqysfVGipDYzABqnCmw=
